
Microsoft Visual Studio Solution File, Format Version 12.00
# Visual Studio Version 17
VisualStudioVersion = 17.0.31903.59
MinimumVisualStudioVersion = 10.0.40219.1
Project("{9A19103F-16F7-4668-BE54-9A1E7A4F7556}") = "BpostSharp", "src\BpostSharp\BpostSharp.csproj", "{4CFB0003-F459-4C6B-B669-BD958516C881}"
EndProject
Project("{9A19103F-16F7-4668-BE54-9A1E7A4F7556}") = "BpostSharp.Excel", "src\BpostSharp.Excel\BpostSharp.Excel.csproj", "{F0F08B12-03CB-4340-84E3-A072436E63DD}"
EndProject
Project("{9A19103F-16F7-4668-BE54-9A1E7A4F7556}") = "BpostSharp.ExcelTests", "src\BpostSharp.ExcelTests\BpostSharp.ExcelTests.csproj", "{654B8BDB-1A20-4B2C-BFE9-66CB52CB8D89}"
EndProject
Project("{FAE04EC0-301F-11D3-BF4B-00C04F79EFBC}") = "BpostSharp.Web", "BpostSharp.Web\BpostSharp.Web.csproj", "{70356579-A02E-4228-9FD1-02D3DF0432F4}"
EndProject
Project("{FAE04EC0-301F-11D3-BF4B-00C04F79EFBC}") = "BpostSharp.WebTests", "BpostSharp.WebTests\BpostSharp.WebTests.csproj", "{973B7DDF-9688-4493-8D05-AD16B972E0DE}"
EndProject
Global
	GlobalSection(SolutionConfigurationPlatforms) = preSolution
		Debug|Any CPU = Debug|Any CPU
		Release|Any CPU = Release|Any CPU
	EndGlobalSection
	GlobalSection(ProjectConfigurationPlatforms) = postSolution
		{4CFB0003-F459-4C6B-B669-BD958516C881}.Debug|Any CPU.ActiveCfg = Debug|Any CPU
		{4CFB0003-F459-4C6B-B669-BD958516C881}.Debug|Any CPU.Build.0 = Debug|Any CPU
		{4CFB0003-F459-4C6B-B669-BD958516C881}.Release|Any CPU.ActiveCfg = Release|Any CPU
		{4CFB0003-F459-4C6B-B669-BD958516C881}.Release|Any CPU.Build.0 = Release|Any CPU
		{F0F08B12-03CB-4340-84E3-A072436E63DD}.Debug|Any CPU.ActiveCfg = Debug|Any CPU
		{F0F08B12-03CB-4340-84E3-A072436E63DD}.Debug|Any CPU.Build.0 = Debug|Any CPU
		{F0F08B12-03CB-4340-84E3-A072436E63DD}.Release|Any CPU.ActiveCfg = Release|Any CPU
		{F0F08B12-03CB-4340-84E3-A072436E63DD}.Release|Any CPU.Build.0 = Release|Any CPU
		{654B8BDB-1A20-4B2C-BFE9-66CB52CB8D89}.Debug|Any CPU.ActiveCfg = Debug|Any CPU
		{654B8BDB-1A20-4B2C-BFE9-66CB52CB8D89}.Debug|Any CPU.Build.0 = Debug|Any CPU
		{654B8BDB-1A20-4B2C-BFE9-66CB52CB8D89}.Release|Any CPU.ActiveCfg = Release|Any CPU
		{654B8BDB-1A20-4B2C-BFE9-66CB52CB8D89}.Release|Any CPU.Build.0 = Release|Any CPU
		{70356579-A02E-4228-9FD1-02D3DF0432F4}.Debug|Any CPU.ActiveCfg = Debug|Any CPU
		{70356579-A02E-4228-9FD1-02D3DF0432F4}.Debug|Any CPU.Build.0 = Debug|Any CPU
		{70356579-A02E-4228-9FD1-02D3DF0432F4}.Release|Any CPU.ActiveCfg = Release|Any CPU
		{70356579-A02E-4228-9FD1-02D3DF0432F4}.Release|Any CPU.Build.0 = Release|Any CPU
		{973B7DDF-9688-4493-8D05-AD16B972E0DE}.Debug|Any CPU.ActiveCfg = Debug|Any CPU
		{973B7DDF-9688-4493-8D05-AD16B972E0DE}.Debug|Any CPU.Build.0 = Debug|Any CPU
		{973B7DDF-9688-4493-8D05-AD16B972E0DE}.Release|Any CPU.ActiveCfg = Release|Any CPU
		{973B7DDF-9688-4493-8D05-AD16B972E0DE}.Release|Any CPU.Build.0 = Release|Any CPU
	EndGlobalSection
	GlobalSection(SolutionProperties) = preSolution
		HideSolutionNode = FALSE
	EndGlobalSection
	GlobalSection(ExtensibilityGlobals) = postSolution
		SolutionGuid = {89C2F93B-B995-4CC4-85A4-8878D670EF84}
	EndGlobalSection
EndGlobal
